
Microsoft Visual Studio Solution File, Format Version 12.00
# Visual Studio Version 16
VisualStudioVersion = 16.0.30709.64
MinimumVisualStudioVersion = 10.0.40219.1
Project("{9A19103F-16F7-4668-BE54-9A1E7A4F7556}") = "VisualizeScalars", "VisualizeScalars\VisualizeScalars\VisualizeScalars.csproj", "{AD219CBC-75F3-40F4-970E-C73B35610FFA}"
EndProject
Global
	GlobalSection(SolutionConfigurationPlatforms) = preSolution
		Debug|Any CPU = Debug|Any CPU
		Debug|x64 = Debug|x64
		Debug|x86 = Debug|x86
		Release|Any CPU = Release|Any CPU
		Release|x64 = Release|x64
		Release|x86 = Release|x86
	EndGlobalSection
	GlobalSection(ProjectConfigurationPlatforms) = postSolution
		{AD219CBC-75F3-40F4-970E-C73B35610FFA}.Debug|Any CPU.ActiveCfg = Debug|Any CPU
		{AD219CBC-75F3-40F4-970E-C73B35610FFA}.Debug|Any CPU.Build.0 = Debug|Any CPU
		{AD219CBC-75F3-40F4-970E-C73B35610FFA}.Debug|x64.ActiveCfg = Debug|x64
		{AD219CBC-75F3-40F4-970E-C73B35610FFA}.Debug|x64.Build.0 = Debug|x64
		{AD219CBC-75F3-40F4-970E-C73B35610FFA}.Debug|x86.ActiveCfg = Debug|x86
		{AD219CBC-75F3-40F4-970E-C73B35610FFA}.Debug|x86.Build.0 = Debug|x86
		{AD219CBC-75F3-40F4-970E-C73B35610FFA}.Release|Any CPU.ActiveCfg = Release|Any CPU
		{AD219CBC-75F3-40F4-970E-C73B35610FFA}.Release|Any CPU.Build.0 = Release|Any CPU
		{AD219CBC-75F3-40F4-970E-C73B35610FFA}.Release|x64.ActiveCfg = Release|x64
		{AD219CBC-75F3-40F4-970E-C73B35610FFA}.Release|x64.Build.0 = Release|x64
		{AD219CBC-75F3-40F4-970E-C73B35610FFA}.Release|x86.ActiveCfg = Release|x86
		{AD219CBC-75F3-40F4-970E-C73B35610FFA}.Release|x86.Build.0 = Release|x86
	EndGlobalSection
	GlobalSection(SolutionProperties) = preSolution
		HideSolutionNode = FALSE
	EndGlobalSection
	GlobalSection(ExtensibilityGlobals) = postSolution
		SolutionGuid = {ABABBFA6-8364-445F-898B-2A6EB09DF753}
	EndGlobalSection
EndGlobal
